PODS:
  - JYKit (0.0.1):
    - JYKit/DyTool (= 0.0.1)
    - JYKit/HUD (= 0.0.1)
    - JYKit/QRCode (= 0.0.1)
    - JYKit/Tools (= 0.0.1)
  - JYKit/DyTool (0.0.1):
    - JYKit/HUD
    - JYKit/Tools
  - JYKit/HUD (0.0.1)
  - JYKit/QRCode (0.0.1)
  - JYKit/Tools (0.0.1)

DEPENDENCIES:
  - JYKit (from `../`)

EXTERNAL SOURCES:
  JYKit:
    :path: "../"

SPEC CHECKSUMS:
  JYKit: f90e1325acd9f987435e4b28b5878f8cc698d312

PODFILE CHECKSUM: 991a9fb2c79bd08ef18403bb278ff4bc37e9b49d

COCOAPODS: 1.15.2
