PODS:
  - JYKit (0.1.0):
    - JYKit/DyTool (= 0.1.0)
    - JYKit/HUD (= 0.1.0)
    - JYKit/QRCode (= 0.1.0)
    - JYKit/Tools (= 0.1.0)
  - JYKit/DyTool (0.1.0):
    - JYKit/Tools
  - JYKit/HUD (0.1.0)
  - JYKit/QRCode (0.1.0)
  - JYKit/Tools (0.1.0)

DEPENDENCIES:
  - JYKit (from `../`)

EXTERNAL SOURCES:
  JYKit:
    :path: "../"

SPEC CHECKSUMS:
  JYKit: 3bb1225f2ab156b52d4281afc6a146bd60140266

PODFILE CHECKSUM: 991a9fb2c79bd08ef18403bb278ff4bc37e9b49d

COCOAPODS: 1.15.2
